
Microsoft Visual Studio Solution File, Format Version 12.00
# Visual Studio Version 16
VisualStudioVersion = 16.0.29613.14
MinimumVisualStudioVersion = 10.0.40219.1
Project("{9A19103F-16F7-4668-BE54-9A1E7A4F7556}") = "ChrisCafe", "ChrisCafe\ChrisCafe.csproj", "{51E995DA-D907-48B2-B4EF-0145B9A45DF7}"
EndProject
Project("{9A19103F-16F7-4668-BE54-9A1E7A4F7556}") = "ChrisCafeTests", "Tests\ChrisCafeTests.csproj", "{F36EC5BE-6ACE-403D-841B-7DDD26021F3C}"
EndProject
Global
	GlobalSection(SolutionConfigurationPlatforms) = preSolution
		Debug|Any CPU = Debug|Any CPU
		Release|Any CPU = Release|Any CPU
	EndGlobalSection
	GlobalSection(ProjectConfigurationPlatforms) = postSolution
		{51E995DA-D907-48B2-B4EF-0145B9A45DF7}.Debug|Any CPU.ActiveCfg = Debug|Any CPU
		{51E995DA-D907-48B2-B4EF-0145B9A45DF7}.Debug|Any CPU.Build.0 = Debug|Any CPU
		{51E995DA-D907-48B2-B4EF-0145B9A45DF7}.Release|Any CPU.ActiveCfg = Release|Any CPU
		{51E995DA-D907-48B2-B4EF-0145B9A45DF7}.Release|Any CPU.Build.0 = Release|Any CPU
		{F36EC5BE-6ACE-403D-841B-7DDD26021F3C}.Debug|Any CPU.ActiveCfg = Debug|Any CPU
		{F36EC5BE-6ACE-403D-841B-7DDD26021F3C}.Debug|Any CPU.Build.0 = Debug|Any CPU
		{F36EC5BE-6ACE-403D-841B-7DDD26021F3C}.Release|Any CPU.ActiveCfg = Release|Any CPU
		{F36EC5BE-6ACE-403D-841B-7DDD26021F3C}.Release|Any CPU.Build.0 = Release|Any CPU
	EndGlobalSection
	GlobalSection(SolutionProperties) = preSolution
		HideSolutionNode = FALSE
	EndGlobalSection
	GlobalSection(ExtensibilityGlobals) = postSolution
		SolutionGuid = {E88F66EF-6AFC-4493-AB9E-D9383AD5B3F4}
	EndGlobalSection
EndGlobal
